PODS:
  - LCCKit (0.0.2):
    - LCCKit/CCAlert (= 0.0.2)
    - LCCKit/CCCategories (= 0.0.2)
    - LCCKit/CCChart (= 0.0.2)
    - LCCKit/CCCircleProgressView (= 0.0.2)
    - LCCKit/CCFileDownload (= 0.0.2)
    - LCCKit/CCLetterIndexView (= 0.0.2)
    - LCCKit/CCMediaFormatFactory (= 0.0.2)
    - LCCKit/CCNavigationController (= 0.0.2)
    - LCCKit/CCNumberScrollView (= 0.0.2)
    - LCCKit/CCPageControl (= 0.0.2)
    - LCCKit/CCSafe (= 0.0.2)
    - LCCKit/CCScrollViewNest (= 0.0.2)
    - LCCKit/CCStrokeLabel (= 0.0.2)
    - LCCKit/CCTimer (= 0.0.2)
  - LCCKit/CCAlert (0.0.2)
  - LCCKit/CCCategories (0.0.2)
  - LCCKit/CCChart (0.0.2)
  - LCCKit/CCCircleProgressView (0.0.2)
  - LCCKit/CCFileDownload (0.0.2)
  - LCCKit/CCLetterIndexView (0.0.2)
  - LCCKit/CCMediaFormatFactory (0.0.2)
  - LCCKit/CCNavigationController (0.0.2)
  - LCCKit/CCNumberScrollView (0.0.2)
  - LCCKit/CCPageControl (0.0.2)
  - LCCKit/CCSafe (0.0.2)
  - LCCKit/CCScrollViewNest (0.0.2)
  - LCCKit/CCStrokeLabel (0.0.2)
  - LCCKit/CCTimer (0.0.2)
  - Masonry (1.1.0)
  - SJBaseVideoPlayer (3.6.7):
    - Masonry
    - SJBaseVideoPlayer/AVPlayer (= 3.6.7)
    - SJBaseVideoPlayer/Common (= 3.6.7)
    - SJUIKit/AttributesFactory (>= 0.0.0.38)
    - SJUIKit/ObserverHelper
    - SJUIKit/Queues
    - SJUIKit/SQLite3
  - SJBaseVideoPlayer/AVPlayer (3.6.7):
    - Masonry
    - SJBaseVideoPlayer/Common
    - SJUIKit/AttributesFactory (>= 0.0.0.38)
    - SJUIKit/ObserverHelper
    - SJUIKit/Queues
    - SJUIKit/SQLite3
  - SJBaseVideoPlayer/Common (3.6.7):
    - Masonry
    - SJBaseVideoPlayer/ResourceLoader
    - SJUIKit/AttributesFactory (>= 0.0.0.38)
    - SJUIKit/ObserverHelper
    - SJUIKit/Queues
    - SJUIKit/SQLite3
  - SJBaseVideoPlayer/ResourceLoader (3.6.7):
    - Masonry
    - SJUIKit/AttributesFactory (>= 0.0.0.38)
    - SJUIKit/ObserverHelper
    - SJUIKit/Queues
    - SJUIKit/SQLite3
  - SJUIKit/AttributesFactory (0.0.0.58):
    - SJUIKit/AttributesFactory/Deprecated (= 0.0.0.58)
    - SJUIKit/AttributesFactory/UIKitText (= 0.0.0.58)
  - SJUIKit/AttributesFactory/Deprecated (0.0.0.58)
  - SJUIKit/AttributesFactory/UIKitText (0.0.0.58)
  - SJUIKit/ObserverHelper (0.0.0.58)
  - SJUIKit/Queues (0.0.0.58)
  - SJUIKit/SQLite3 (0.0.0.58):
    - SJUIKit/SQLite3/Core (= 0.0.0.58)
    - SJUIKit/SQLite3/Protocol (= 0.0.0.58)
    - YYModel
  - SJUIKit/SQLite3/Core (0.0.0.58):
    - SJUIKit/SQLite3/Protocol
    - YYModel
  - SJUIKit/SQLite3/Protocol (0.0.0.58):
    - YYModel
  - SJVideoPlayer (3.3.2):
    - SJBaseVideoPlayer (>= 3.6.0)
    - SJVideoPlayer/Common (= 3.3.2)
    - SJVideoPlayer/ControlLayers (= 3.3.2)
    - SJVideoPlayer/ResourceLoader (= 3.3.2)
  - SJVideoPlayer/Common (3.3.2):
    - Masonry
    - SJBaseVideoPlayer (>= 3.6.0)
    - SJUIKit/AttributesFactory
    - SJVideoPlayer/ResourceLoader
  - SJVideoPlayer/ControlLayers (3.3.2):
    - SJBaseVideoPlayer (>= 3.6.0)
    - SJVideoPlayer/Common
  - SJVideoPlayer/ResourceLoader (3.3.2):
    - SJBaseVideoPlayer (>= 3.6.0)
  - YYImage (1.0.4):
    - YYImage/Core (= 1.0.4)
  - YYImage/Core (1.0.4)
  - YYModel (1.0.4)

DEPENDENCIES:
  - LCCKit (from `../`)
  - Masonry (= 1.1.0)
  - SJVideoPlayer (from `https://gitee.com/changsanjiang/SJVideoPlayer.git`)
  - YYImage (= 1.0.4)

SPEC REPOS:
  trunk:
    - Masonry
    - SJBaseVideoPlayer
    - SJUIKit
    - YYImage
    - YYModel

EXTERNAL SOURCES:
  LCCKit:
    :path: "../"
  SJVideoPlayer:
    :git: https://gitee.com/changsanjiang/SJVideoPlayer.git

CHECKOUT OPTIONS:
  SJVideoPlayer:
    :commit: 6a4c1716ebdd30f21d0fdc127b32c8630aed8a32
    :git: https://gitee.com/changsanjiang/SJVideoPlayer.git

SPEC CHECKSUMS:
  LCCKit: 22bb25bf690edc868ee978b210e64ee594c783be
  Masonry: 678fab65091a9290e40e2832a55e7ab731aad201
  SJBaseVideoPlayer: 52ab45c54521c9988cb5a4d9abad444152248800
  SJUIKit: 86d5b16f8b8b17274ef8805acf965e4014629e15
  SJVideoPlayer: 3a271ff92c7b9d611c537655fd1edcbae18b8587
  YYImage: 1e1b62a9997399593e4b9c4ecfbbabbf1d3f3b54
  YYModel: 2a7fdd96aaa4b86a824e26d0c517de8928c04b30

PODFILE CHECKSUM: 2df5eafe927b5b4c917e5f1f409d615a30a7386b

COCOAPODS: 1.11.3
